
Microsoft Visual Studio Solution File, Format Version 12.00
# Visual Studio Version 17
VisualStudioVersion = 17.13.35919.96 d17.13
MinimumVisualStudioVersion = 10.0.40219.1
Project("{FAE04EC0-301F-11D3-BF4B-00C04F79EFBC}") = "Access_Modifiers", "Access_Modifiers\Access_Modifiers.csproj", "{59A75265-0D2D-40BA-9F03-03119A44E021}"
EndProject
Global
	GlobalSection(SolutionConfigurationPlatforms) = preSolution
		Debug|Any CPU = Debug|Any CPU
		Release|Any CPU = Release|Any CPU
	EndGlobalSection
	GlobalSection(ProjectConfigurationPlatforms) = postSolution
		{59A75265-0D2D-40BA-9F03-03119A44E021}.Debug|Any CPU.ActiveCfg = Debug|Any CPU
		{59A75265-0D2D-40BA-9F03-03119A44E021}.Debug|Any CPU.Build.0 = Debug|Any CPU
		{59A75265-0D2D-40BA-9F03-03119A44E021}.Release|Any CPU.ActiveCfg = Release|Any CPU
		{59A75265-0D2D-40BA-9F03-03119A44E021}.Release|Any CPU.Build.0 = Release|Any CPU
	EndGlobalSection
	GlobalSection(SolutionProperties) = preSolution
		HideSolutionNode = FALSE
	EndGlobalSection
	GlobalSection(ExtensibilityGlobals) = postSolution
		SolutionGuid = {06ADFE9E-51EA-4D31-947D-73B130D50968}
	EndGlobalSection
EndGlobal
