
Microsoft Visual Studio Solution File, Format Version 12.00
# Visual Studio Version 17
VisualStudioVersion = 17.13.35919.96 d17.13
MinimumVisualStudioVersion = 10.0.40219.1
Project("{FAE04EC0-301F-11D3-BF4B-00C04F79EFBC}") = "Boxing and Unboxing", "Boxing and Unboxing\Boxing and Unboxing.csproj", "{ABE12B81-1C77-44CB-8B7E-5FC0BF23CD19}"
EndProject
Global
	GlobalSection(SolutionConfigurationPlatforms) = preSolution
		Debug|Any CPU = Debug|Any CPU
		Release|Any CPU = Release|Any CPU
	EndGlobalSection
	GlobalSection(ProjectConfigurationPlatforms) = postSolution
		{ABE12B81-1C77-44CB-8B7E-5FC0BF23CD19}.Debug|Any CPU.ActiveCfg = Debug|Any CPU
		{ABE12B81-1C77-44CB-8B7E-5FC0BF23CD19}.Debug|Any CPU.Build.0 = Debug|Any CPU
		{ABE12B81-1C77-44CB-8B7E-5FC0BF23CD19}.Release|Any CPU.ActiveCfg = Release|Any CPU
		{ABE12B81-1C77-44CB-8B7E-5FC0BF23CD19}.Release|Any CPU.Build.0 = Release|Any CPU
	EndGlobalSection
	GlobalSection(SolutionProperties) = preSolution
		HideSolutionNode = FALSE
	EndGlobalSection
	GlobalSection(ExtensibilityGlobals) = postSolution
		SolutionGuid = {6B44A73C-EE05-497F-BD0A-DC1DA16F66C0}
	EndGlobalSection
EndGlobal
